<?xml version="1.0" encoding="utf-8"?>
<Project ToolsVersion="4.0" xmlns="http://schemas.microsoft.com/developer/msbuild/2003">
  <ItemGroup>
    <Filter Include="Source Files">
      <UniqueIdentifier>{4FC737F1-C7A5-4376-A066-2A32D752A2FF}</UniqueIdentifier>
      <Extensions>cpp;c;cc;cxx;c++;cppm;ixx;def;odl;idl;hpj;bat;asm;asmx</Extensions>
    </Filter>
    <Filter Include="Header Files">
      <UniqueIdentifier>{93995380-89BD-4b04-88EB-625FBE52EBFB}</UniqueIdentifier>
      <Extensions>h;hh;hpp;hxx;h++;hm;inl;inc;ipp;xsd</Extensions>
    </Filter>
    <Filter Include="Resource Files">
      <UniqueIdentifier>{67DA6AB6-F800-4c08-8B7A-83BB121AAD01}</UniqueIdentifier>
      <Extensions>rc;ico;cur;bmp;dlg;rc2;rct;bin;rgs;gif;jpg;jpeg;jpe;resx;tiff;tif;png;wav;mfcribbon-ms</Extensions>
    </Filter>
    <Filter Include="Resource Files\Moons">
      <UniqueIdentifier>{c35f0321-ad3e-4c87-ac08-5cc491807388}</UniqueIdentifier>
    </Filter>
    <Filter Include="Resource Files\Planets">
      <UniqueIdentifier>{96fb3b94-984a-461b-a3ce-9e051181501a}</UniqueIdentifier>
    </Filter>
    <Filter Include="Resource Files\Trivia">
      <UniqueIdentifier>{b18d2448-eb34-49e9-9586-3aa9b6a72fcb}</UniqueIdentifier>
    </Filter>
    <Filter Include="Resource Files\Trivia\Planets">
      <UniqueIdentifier>{8291d8f2-a890-44f8-a549-a0398481d676}</UniqueIdentifier>
    </Filter>
    <Filter Include="Resource Files\Trivia\Asteroids">
      <UniqueIdentifier>{1781c49b-71ed-40a5-b5d7-08f0c373b869}</UniqueIdentifier>
    </Filter>
    <Filter Include="Resource Files\Trivia\Moons">
      <UniqueIdentifier>{d4fa1d67-aaba-413a-802c-39b01aea1264}</UniqueIdentifier>
    </Filter>
    <Filter Include="Source Files\Shader Files">
      <UniqueIdentifier>{20362d03-3337-4287-9464-30c84702b7bc}</UniqueIdentifier>
    </Filter>
    <Filter Include="Source Files\Shader Files\Asteroids">
      <UniqueIdentifier>{9519f4a7-2067-410d-a646-6285c0891441}</UniqueIdentifier>
    </Filter>
    <Filter Include="Source Files\Shader Files\Moons">
      <UniqueIdentifier>{1e7a6304-4eda-4f0c-9a10-08282831faa7}</UniqueIdentifier>
    </Filter>
    <Filter Include="Source Files\Shader Files\Planets">
      <UniqueIdentifier>{5af9367a-fabd-4147-8f06-38f7279d347a}</UniqueIdentifier>
    </Filter>
    <Filter Include="Source Files\Shader Files\recycle bin">
      <UniqueIdentifier>{6c7dcd48-fc8d-4b39-bb51-a7e46ee317eb}</UniqueIdentifier>
    </Filter>
  </ItemGroup>
  <ItemGroup>
    <ClCompile Include="SV68-2021-3D.cpp">
      <Filter>Source Files</Filter>
    </ClCompile>
    <ClCompile Include="todo.cpp">
      <Filter>Source Files</Filter>
    </ClCompile>
    <ClCompile Include="Sun.cpp">
      <Filter>Source Files</Filter>
    </ClCompile>
    <ClCompile Include="Planet.cpp">
      <Filter>Source Files</Filter>
    </ClCompile>
    <ClCompile Include="Moon.cpp">
      <Filter>Source Files</Filter>
    </ClCompile>
    <ClCompile Include="SaturnRing.cpp">
      <Filter>Source Files</Filter>
    </ClCompile>
  </ItemGroup>
  <ItemGroup>
    <None Include="packages.config" />
    <None Include="details.frag">
      <Filter>Source Files\Shader Files</Filter>
    </None>
    <None Include="details.vert">
      <Filter>Source Files\Shader Files</Filter>
    </None>
    <None Include="asteroids.frag">
      <Filter>Source Files\Shader Files\Asteroids</Filter>
    </None>
    <None Include="asteroids.vert">
      <Filter>Source Files\Shader Files\Asteroids</Filter>
    </None>
    <None Include="kuiper-oort.frag">
      <Filter>Source Files\Shader Files\Asteroids</Filter>
    </None>
    <None Include="kuiper-oort.vert">
      <Filter>Source Files\Shader Files\Asteroids</Filter>
    </None>
    <None Include="moon.frag">
      <Filter>Source Files\Shader Files\Moons</Filter>
    </None>
    <None Include="moon.vert">
      <Filter>Source Files\Shader Files\Moons</Filter>
    </None>
    <None Include="sun.frag">
      <Filter>Source Files\Shader Files\Planets</Filter>
    </None>
    <None Include="sun.vert">
      <Filter>Source Files\Shader Files\Planets</Filter>
    </None>
    <None Include="planet.vert">
      <Filter>Source Files\Shader Files\Planets</Filter>
    </None>
    <None Include="planet.frag">
      <Filter>Source Files\Shader Files\Planets</Filter>
    </None>
    <None Include="ring.vert">
      <Filter>Source Files\Shader Files\Planets</Filter>
    </None>
    <None Include="ring.frag">
      <Filter>Source Files\Shader Files\Planets</Filter>
    </None>
    <None Include="orbit.frag">
      <Filter>Source Files\Shader Files\recycle bin</Filter>
    </None>
    <None Include="orbit.vert">
      <Filter>Source Files\Shader Files\recycle bin</Filter>
    </None>
    <None Include="text.frag">
      <Filter>Source Files\Shader Files\recycle bin</Filter>
    </None>
    <None Include="text.vert">
      <Filter>Source Files\Shader Files\recycle bin</Filter>
    </None>
  </ItemGroup>
  <ItemGroup>
    <Image Include="kuiper belt-trivia.png">
      <Filter>Resource Files\Trivia\Asteroids</Filter>
    </Image>
    <Image Include="main asteroid belt-trivia.png">
      <Filter>Resource Files\Trivia\Asteroids</Filter>
    </Image>
    <Image Include="oort cloud-trivia.png">
      <Filter>Resource Files\Trivia\Asteroids</Filter>
    </Image>
    <Image Include="ariel-trivia.png">
      <Filter>Resource Files\Trivia\Moons</Filter>
    </Image>
    <Image Include="callisto-trivia.png">
      <Filter>Resource Files\Trivia\Moons</Filter>
    </Image>
    <Image Include="deimos-trivia.png">
      <Filter>Resource Files\Trivia\Moons</Filter>
    </Image>
    <Image Include="europa-trivia.png">
      <Filter>Resource Files\Trivia\Moons</Filter>
    </Image>
    <Image Include="ganymede-trivia.png">
      <Filter>Resource Files\Trivia\Moons</Filter>
    </Image>
    <Image Include="iapetus-trivia.png">
      <Filter>Resource Files\Trivia\Moons</Filter>
    </Image>
    <Image Include="io-trivia.png">
      <Filter>Resource Files\Trivia\Moons</Filter>
    </Image>
    <Image Include="miranda-trivia.png">
      <Filter>Resource Files\Trivia\Moons</Filter>
    </Image>
    <Image Include="moon-trivia.png">
      <Filter>Resource Files\Trivia\Moons</Filter>
    </Image>
    <Image Include="phobos-trivia.png">
      <Filter>Resource Files\Trivia\Moons</Filter>
    </Image>
    <Image Include="rhea-trivia.png">
      <Filter>Resource Files\Trivia\Moons</Filter>
    </Image>
    <Image Include="titan-trivia.png">
      <Filter>Resource Files\Trivia\Moons</Filter>
    </Image>
    <Image Include="triton-trivia.png">
      <Filter>Resource Files\Trivia\Moons</Filter>
    </Image>
    <Image Include="umbriel-trivia.png">
      <Filter>Resource Files\Trivia\Moons</Filter>
    </Image>
    <Image Include="earth-trivia.png">
      <Filter>Resource Files\Trivia\Planets</Filter>
    </Image>
    <Image Include="jupiter-trivia.png">
      <Filter>Resource Files\Trivia\Planets</Filter>
    </Image>
    <Image Include="mars-trivia.png">
      <Filter>Resource Files\Trivia\Planets</Filter>
    </Image>
    <Image Include="mercury-trivia.png">
      <Filter>Resource Files\Trivia\Planets</Filter>
    </Image>
    <Image Include="neptune-trivia.png">
      <Filter>Resource Files\Trivia\Planets</Filter>
    </Image>
    <Image Include="pluto-trivia.png">
      <Filter>Resource Files\Trivia\Planets</Filter>
    </Image>
    <Image Include="saturn-trivia.png">
      <Filter>Resource Files\Trivia\Planets</Filter>
    </Image>
    <Image Include="sun-trivia.png">
      <Filter>Resource Files\Trivia\Planets</Filter>
    </Image>
    <Image Include="uranus-trivia.png">
      <Filter>Resource Files\Trivia\Planets</Filter>
    </Image>
    <Image Include="venus-trivia.png">
      <Filter>Resource Files\Trivia\Planets</Filter>
    </Image>
    <Image Include="earth-tex.jpg">
      <Filter>Resource Files\Planets</Filter>
    </Image>
    <Image Include="sun-tex.jpg">
      <Filter>Resource Files\Planets</Filter>
    </Image>
    <Image Include="venus-tex.jpg">
      <Filter>Resource Files\Planets</Filter>
    </Image>
    <Image Include="uranus-tex.jpg">
      <Filter>Resource Files\Planets</Filter>
    </Image>
    <Image Include="saturn-tex.jpg">
      <Filter>Resource Files\Planets</Filter>
    </Image>
    <Image Include="pluto-tex.jpg">
      <Filter>Resource Files\Planets</Filter>
    </Image>
    <Image Include="neptune-tex.jpg">
      <Filter>Resource Files\Planets</Filter>
    </Image>
    <Image Include="mars-tex.jpg">
      <Filter>Resource Files\Planets</Filter>
    </Image>
    <Image Include="jupiter-tex.jpg">
      <Filter>Resource Files\Planets</Filter>
    </Image>
    <Image Include="mercury-tex.jpg">
      <Filter>Resource Files\Planets</Filter>
    </Image>
    <Image Include="ariel-tex.jpg">
      <Filter>Resource Files\Moons</Filter>
    </Image>
    <Image Include="callisto-tex.jpg">
      <Filter>Resource Files\Moons</Filter>
    </Image>
    <Image Include="deimos-tex.jpg">
      <Filter>Resource Files\Moons</Filter>
    </Image>
    <Image Include="europa-tex.jpg">
      <Filter>Resource Files\Moons</Filter>
    </Image>
    <Image Include="ganymede-tex.jpg">
      <Filter>Resource Files\Moons</Filter>
    </Image>
    <Image Include="iapetus-tex.jpg">
      <Filter>Resource Files\Moons</Filter>
    </Image>
    <Image Include="io-tex.jpg">
      <Filter>Resource Files\Moons</Filter>
    </Image>
    <Image Include="miranda-tex.jpg">
      <Filter>Resource Files\Moons</Filter>
    </Image>
    <Image Include="moon-tex.jpg">
      <Filter>Resource Files\Moons</Filter>
    </Image>
    <Image Include="phobos-tex.jpg">
      <Filter>Resource Files\Moons</Filter>
    </Image>
    <Image Include="rhea-tex.jpg">
      <Filter>Resource Files\Moons</Filter>
    </Image>
    <Image Include="titan-tex.jpg">
      <Filter>Resource Files\Moons</Filter>
    </Image>
    <Image Include="triton-tex.jpg">
      <Filter>Resource Files\Moons</Filter>
    </Image>
    <Image Include="umbriel-tex.jpg">
      <Filter>Resource Files\Moons</Filter>
    </Image>
    <Image Include="saturn-ring-tex.jpg">
      <Filter>Resource Files\Planets</Filter>
    </Image>
  </ItemGroup>
  <ItemGroup>
    <Font Include="LiberationSans-Regular.ttf">
      <Filter>Resource Files</Filter>
    </Font>
  </ItemGroup>
  <ItemGroup>
    <ClInclude Include="SV68-2021-3D.h">
      <Filter>Header Files</Filter>
    </ClInclude>
    <ClInclude Include="Sun.h">
      <Filter>Header Files</Filter>
    </ClInclude>
    <ClInclude Include="Planet.h">
      <Filter>Header Files</Filter>
    </ClInclude>
    <ClInclude Include="Moon.h">
      <Filter>Header Files</Filter>
    </ClInclude>
    <ClInclude Include="SaturnRing.h">
      <Filter>Header Files</Filter>
    </ClInclude>
  </ItemGroup>
</Project>